
Microsoft Visual Studio Solution File, Format Version 12.00
# Visual Studio Version 17
VisualStudioVersion = 17.0.31903.59
MinimumVisualStudioVersion = 10.0.40219.1
Project("{FAE04EC0-301F-11D3-BF4B-00C04F79EFBC}") = "XiansUtils", "src\XiansUtils.csproj", "{EA2026D9-A5ED-4159-A846-8B4324419AC3}"
EndProject
Project("{FAE04EC0-301F-11D3-BF4B-00C04F79EFBC}") = "XiansUtilsTests", "tests\XiansUtilsTests.csproj", "{C3ED48A3-65F2-429E-B60C-167AACD85DB5}"
EndProject
Global
	GlobalSection(SolutionConfigurationPlatforms) = preSolution
		Debug|Any CPU = Debug|Any CPU
		Release|Any CPU = Release|Any CPU
	EndGlobalSection
	GlobalSection(SolutionProperties) = preSolution
		HideSolutionNode = FALSE
	EndGlobalSection
	GlobalSection(ProjectConfigurationPlatforms) = postSolution
		{EA2026D9-A5ED-4159-A846-8B4324419AC3}.Debug|Any CPU.ActiveCfg = Debug|Any CPU
		{EA2026D9-A5ED-4159-A846-8B4324419AC3}.Debug|Any CPU.Build.0 = Debug|Any CPU
		{EA2026D9-A5ED-4159-A846-8B4324419AC3}.Release|Any CPU.ActiveCfg = Release|Any CPU
		{EA2026D9-A5ED-4159-A846-8B4324419AC3}.Release|Any CPU.Build.0 = Release|Any CPU
		{C3ED48A3-65F2-429E-B60C-167AACD85DB5}.Debug|Any CPU.ActiveCfg = Debug|Any CPU
		{C3ED48A3-65F2-429E-B60C-167AACD85DB5}.Debug|Any CPU.Build.0 = Debug|Any CPU
		{C3ED48A3-65F2-429E-B60C-167AACD85DB5}.Release|Any CPU.ActiveCfg = Release|Any CPU
		{C3ED48A3-65F2-429E-B60C-167AACD85DB5}.Release|Any CPU.Build.0 = Release|Any CPU
	EndGlobalSection
EndGlobal
